
Microsoft Visual Studio Solution File, Format Version 12.00
# Visual Studio 15
VisualStudioVersion = 15.0.27004.2009
MinimumVisualStudioVersion = 10.0.40219.1
Project("{FAE04EC0-301F-11D3-BF4B-00C04F79EFBC}") = "WebApplicationDemo", "WebApplicationDemo\WebApplicationDemo.csproj", "{EDD0A3E8-3D46-4F1A-9333-A3CCF8C60631}"
EndProject
Global
	GlobalSection(SolutionConfigurationPlatforms) = preSolution
		Debug|Any CPU = Debug|Any CPU
		Release|Any CPU = Release|Any CPU
	EndGlobalSection
	GlobalSection(ProjectConfigurationPlatforms) = postSolution
		{EDD0A3E8-3D46-4F1A-9333-A3CCF8C60631}.Debug|Any CPU.ActiveCfg = Debug|Any CPU
		{EDD0A3E8-3D46-4F1A-9333-A3CCF8C60631}.Debug|Any CPU.Build.0 = Debug|Any CPU
		{EDD0A3E8-3D46-4F1A-9333-A3CCF8C60631}.Release|Any CPU.ActiveCfg = Release|Any CPU
		{EDD0A3E8-3D46-4F1A-9333-A3CCF8C60631}.Release|Any CPU.Build.0 = Release|Any CPU
	EndGlobalSection
	GlobalSection(SolutionProperties) = preSolution
		HideSolutionNode = FALSE
	EndGlobalSection
	GlobalSection(ExtensibilityGlobals) = postSolution
		SolutionGuid = {E55D655B-CBD9-401D-A076-CC9080741F87}
	EndGlobalSection
EndGlobal
